
Microsoft Visual Studio Solution File, Format Version 12.00
# Visual Studio 14
VisualStudioVersion = 14.0.25420.1
MinimumVisualStudioVersion = 10.0.40219.1
Project("{FAE04EC0-301F-11D3-BF4B-00C04F79EFBC}") = "rectangleOf10x10Stars", "rectangleOf10x10Stars\rectangleOf10x10Stars.csproj", "{26A42ADD-0731-460B-8E55-B0CAB004AFA8}"
EndProject
Project("{FAE04EC0-301F-11D3-BF4B-00C04F79EFBC}") = "rectangleOfNxNStars", "rectangleOfNxNStars\rectangleOfNxNStars.csproj", "{88588F23-95D4-41C2-ABB1-2E081777FA41}"
EndProject
Project("{FAE04EC0-301F-11D3-BF4B-00C04F79EFBC}") = "squareOfStars", "squareOfStars\squareOfStars.csproj", "{C19A1688-2EFA-44D5-A5BC-8D37F6607FBA}"
EndProject
Project("{FAE04EC0-301F-11D3-BF4B-00C04F79EFBC}") = "triangleOfDolars", "triangleOfDolars\triangleOfDolars.csproj", "{4EC79A91-8EFC-4803-A241-E82F737926FE}"
EndProject
Project("{FAE04EC0-301F-11D3-BF4B-00C04F79EFBC}") = "squareFrame", "squareFrame\squareFrame.csproj", "{3A435E21-57F1-4727-AD33-BD2C47022972}"
EndProject
Project("{FAE04EC0-301F-11D3-BF4B-00C04F79EFBC}") = "rhombusOfStars", "rhombusOfStars\rhombusOfStars.csproj", "{249F165E-A939-4B08-AB88-C334D3C96CCB}"
EndProject
Project("{FAE04EC0-301F-11D3-BF4B-00C04F79EFBC}") = "cristmasTree", "cristmasTree\cristmasTree.csproj", "{4B427BFD-F835-4843-81FC-AF9427814C43}"
EndProject
Project("{FAE04EC0-301F-11D3-BF4B-00C04F79EFBC}") = "sunglasses", "sunglasses\sunglasses.csproj", "{88CCD308-B2CE-4CF1-A4B1-38E5B6AD448F}"
EndProject
Project("{FAE04EC0-301F-11D3-BF4B-00C04F79EFBC}") = "house", "house\house.csproj", "{26F9212A-72DA-437D-BFB1-32B569CF6ABA}"
EndProject
Project("{FAE04EC0-301F-11D3-BF4B-00C04F79EFBC}") = "diamond", "diamond\diamond.csproj", "{3006D494-4921-4000-BE51-CED4114C931B}"
EndProject
Global
	GlobalSection(SolutionConfigurationPlatforms) = preSolution
		Debug|Any CPU = Debug|Any CPU
		Release|Any CPU = Release|Any CPU
	EndGlobalSection
	GlobalSection(ProjectConfigurationPlatforms) = postSolution
		{26A42ADD-0731-460B-8E55-B0CAB004AFA8}.Debug|Any CPU.ActiveCfg = Debug|Any CPU
		{26A42ADD-0731-460B-8E55-B0CAB004AFA8}.Debug|Any CPU.Build.0 = Debug|Any CPU
		{26A42ADD-0731-460B-8E55-B0CAB004AFA8}.Release|Any CPU.ActiveCfg = Release|Any CPU
		{26A42ADD-0731-460B-8E55-B0CAB004AFA8}.Release|Any CPU.Build.0 = Release|Any CPU
		{88588F23-95D4-41C2-ABB1-2E081777FA41}.Debug|Any CPU.ActiveCfg = Debug|Any CPU
		{88588F23-95D4-41C2-ABB1-2E081777FA41}.Debug|Any CPU.Build.0 = Debug|Any CPU
		{88588F23-95D4-41C2-ABB1-2E081777FA41}.Release|Any CPU.ActiveCfg = Release|Any CPU
		{88588F23-95D4-41C2-ABB1-2E081777FA41}.Release|Any CPU.Build.0 = Release|Any CPU
		{C19A1688-2EFA-44D5-A5BC-8D37F6607FBA}.Debug|Any CPU.ActiveCfg = Debug|Any CPU
		{C19A1688-2EFA-44D5-A5BC-8D37F6607FBA}.Debug|Any CPU.Build.0 = Debug|Any CPU
		{C19A1688-2EFA-44D5-A5BC-8D37F6607FBA}.Release|Any CPU.ActiveCfg = Release|Any CPU
		{C19A1688-2EFA-44D5-A5BC-8D37F6607FBA}.Release|Any CPU.Build.0 = Release|Any CPU
		{4EC79A91-8EFC-4803-A241-E82F737926FE}.Debug|Any CPU.ActiveCfg = Debug|Any CPU
		{4EC79A91-8EFC-4803-A241-E82F737926FE}.Debug|Any CPU.Build.0 = Debug|Any CPU
		{4EC79A91-8EFC-4803-A241-E82F737926FE}.Release|Any CPU.ActiveCfg = Release|Any CPU
		{4EC79A91-8EFC-4803-A241-E82F737926FE}.Release|Any CPU.Build.0 = Release|Any CPU
		{3A435E21-57F1-4727-AD33-BD2C47022972}.Debug|Any CPU.ActiveCfg = Debug|Any CPU
		{3A435E21-57F1-4727-AD33-BD2C47022972}.Debug|Any CPU.Build.0 = Debug|Any CPU
		{3A435E21-57F1-4727-AD33-BD2C47022972}.Release|Any CPU.ActiveCfg = Release|Any CPU
		{3A435E21-57F1-4727-AD33-BD2C47022972}.Release|Any CPU.Build.0 = Release|Any CPU
		{249F165E-A939-4B08-AB88-C334D3C96CCB}.Debug|Any CPU.ActiveCfg = Debug|Any CPU
		{249F165E-A939-4B08-AB88-C334D3C96CCB}.Debug|Any CPU.Build.0 = Debug|Any CPU
		{249F165E-A939-4B08-AB88-C334D3C96CCB}.Release|Any CPU.ActiveCfg = Release|Any CPU
		{249F165E-A939-4B08-AB88-C334D3C96CCB}.Release|Any CPU.Build.0 = Release|Any CPU
		{4B427BFD-F835-4843-81FC-AF9427814C43}.Debug|Any CPU.ActiveCfg = Debug|Any CPU
		{4B427BFD-F835-4843-81FC-AF9427814C43}.Debug|Any CPU.Build.0 = Debug|Any CPU
		{4B427BFD-F835-4843-81FC-AF9427814C43}.Release|Any CPU.ActiveCfg = Release|Any CPU
		{4B427BFD-F835-4843-81FC-AF9427814C43}.Release|Any CPU.Build.0 = Release|Any CPU
		{88CCD308-B2CE-4CF1-A4B1-38E5B6AD448F}.Debug|Any CPU.ActiveCfg = Debug|Any CPU
		{88CCD308-B2CE-4CF1-A4B1-38E5B6AD448F}.Debug|Any CPU.Build.0 = Debug|Any CPU
		{88CCD308-B2CE-4CF1-A4B1-38E5B6AD448F}.Release|Any CPU.ActiveCfg = Release|Any CPU
		{88CCD308-B2CE-4CF1-A4B1-38E5B6AD448F}.Release|Any CPU.Build.0 = Release|Any CPU
		{26F9212A-72DA-437D-BFB1-32B569CF6ABA}.Debug|Any CPU.ActiveCfg = Debug|Any CPU
		{26F9212A-72DA-437D-BFB1-32B569CF6ABA}.Debug|Any CPU.Build.0 = Debug|Any CPU
		{26F9212A-72DA-437D-BFB1-32B569CF6ABA}.Release|Any CPU.ActiveCfg = Release|Any CPU
		{26F9212A-72DA-437D-BFB1-32B569CF6ABA}.Release|Any CPU.Build.0 = Release|Any CPU
		{3006D494-4921-4000-BE51-CED4114C931B}.Debug|Any CPU.ActiveCfg = Debug|Any CPU
		{3006D494-4921-4000-BE51-CED4114C931B}.Debug|Any CPU.Build.0 = Debug|Any CPU
		{3006D494-4921-4000-BE51-CED4114C931B}.Release|Any CPU.ActiveCfg = Release|Any CPU
		{3006D494-4921-4000-BE51-CED4114C931B}.Release|Any CPU.Build.0 = Release|Any CPU
	EndGlobalSection
	GlobalSection(SolutionProperties) = preSolution
		HideSolutionNode = FALSE
	EndGlobalSection
EndGlobal
