
Microsoft Visual Studio Solution File, Format Version 12.00
# Visual Studio 14
VisualStudioVersion = 14.0.25420.1
MinimumVisualStudioVersion = 10.0.40219.1
Project("{FAE04EC0-301F-11D3-BF4B-00C04F79EFBC}") = "04. Triangle of 55 Stars", "04. Triangle of 55 Stars\04. Triangle of 55 Stars.csproj", "{67D6FC1D-4E26-4BA2-9414-1535E587520D}"
EndProject
Project("{FAE04EC0-301F-11D3-BF4B-00C04F79EFBC}") = "05.Rectangle Area", "05.Rectangle Area\05.Rectangle Area.csproj", "{7A896F69-08EF-489C-9566-A72D73C58D5A}"
EndProject
Project("{FAE04EC0-301F-11D3-BF4B-00C04F79EFBC}") = "06.Square of Stars", "06.Square of Stars\06.Square of Stars.csproj", "{FA7342BE-19FA-4396-9CD1-7805F2C39BE1}"
EndProject
Project("{FAE04EC0-301F-11D3-BF4B-00C04F79EFBC}") = "02.Expression", "02.Expression\02.Expression.csproj", "{6012767A-D436-401C-94BD-64B0C642A2A2}"
EndProject
Project("{FAE04EC0-301F-11D3-BF4B-00C04F79EFBC}") = "03.Nums1To20", "03.Nums1To20\03.Nums1To20.csproj", "{64559049-F1AC-4183-A7AF-0EA9F8CBCABF}"
EndProject
Project("{FAE04EC0-301F-11D3-BF4B-00C04F79EFBC}") = "01.HelloCSharp", "01.HelloCSharp\01.HelloCSharp.csproj", "{DA1CECC4-9BB3-4E16-A324-5F478FDAEEAC}"
EndProject
Global
	GlobalSection(SolutionConfigurationPlatforms) = preSolution
		Debug|Any CPU = Debug|Any CPU
		Release|Any CPU = Release|Any CPU
	EndGlobalSection
	GlobalSection(ProjectConfigurationPlatforms) = postSolution
		{67D6FC1D-4E26-4BA2-9414-1535E587520D}.Debug|Any CPU.ActiveCfg = Debug|Any CPU
		{67D6FC1D-4E26-4BA2-9414-1535E587520D}.Debug|Any CPU.Build.0 = Debug|Any CPU
		{67D6FC1D-4E26-4BA2-9414-1535E587520D}.Release|Any CPU.ActiveCfg = Release|Any CPU
		{67D6FC1D-4E26-4BA2-9414-1535E587520D}.Release|Any CPU.Build.0 = Release|Any CPU
		{7A896F69-08EF-489C-9566-A72D73C58D5A}.Debug|Any CPU.ActiveCfg = Debug|Any CPU
		{7A896F69-08EF-489C-9566-A72D73C58D5A}.Debug|Any CPU.Build.0 = Debug|Any CPU
		{7A896F69-08EF-489C-9566-A72D73C58D5A}.Release|Any CPU.ActiveCfg = Release|Any CPU
		{7A896F69-08EF-489C-9566-A72D73C58D5A}.Release|Any CPU.Build.0 = Release|Any CPU
		{FA7342BE-19FA-4396-9CD1-7805F2C39BE1}.Debug|Any CPU.ActiveCfg = Debug|Any CPU
		{FA7342BE-19FA-4396-9CD1-7805F2C39BE1}.Debug|Any CPU.Build.0 = Debug|Any CPU
		{FA7342BE-19FA-4396-9CD1-7805F2C39BE1}.Release|Any CPU.ActiveCfg = Release|Any CPU
		{FA7342BE-19FA-4396-9CD1-7805F2C39BE1}.Release|Any CPU.Build.0 = Release|Any CPU
		{6012767A-D436-401C-94BD-64B0C642A2A2}.Debug|Any CPU.ActiveCfg = Debug|Any CPU
		{6012767A-D436-401C-94BD-64B0C642A2A2}.Debug|Any CPU.Build.0 = Debug|Any CPU
		{6012767A-D436-401C-94BD-64B0C642A2A2}.Release|Any CPU.ActiveCfg = Release|Any CPU
		{6012767A-D436-401C-94BD-64B0C642A2A2}.Release|Any CPU.Build.0 = Release|Any CPU
		{64559049-F1AC-4183-A7AF-0EA9F8CBCABF}.Debug|Any CPU.ActiveCfg = Debug|Any CPU
		{64559049-F1AC-4183-A7AF-0EA9F8CBCABF}.Debug|Any CPU.Build.0 = Debug|Any CPU
		{64559049-F1AC-4183-A7AF-0EA9F8CBCABF}.Release|Any CPU.ActiveCfg = Release|Any CPU
		{64559049-F1AC-4183-A7AF-0EA9F8CBCABF}.Release|Any CPU.Build.0 = Release|Any CPU
		{DA1CECC4-9BB3-4E16-A324-5F478FDAEEAC}.Debug|Any CPU.ActiveCfg = Debug|Any CPU
		{DA1CECC4-9BB3-4E16-A324-5F478FDAEEAC}.Debug|Any CPU.Build.0 = Debug|Any CPU
		{DA1CECC4-9BB3-4E16-A324-5F478FDAEEAC}.Release|Any CPU.ActiveCfg = Release|Any CPU
		{DA1CECC4-9BB3-4E16-A324-5F478FDAEEAC}.Release|Any CPU.Build.0 = Release|Any CPU
	EndGlobalSection
	GlobalSection(SolutionProperties) = preSolution
		HideSolutionNode = FALSE
	EndGlobalSection
EndGlobal
