
Microsoft Visual Studio Solution File, Format Version 12.00
# Visual Studio 14
VisualStudioVersion = 14.0.25420.1
MinimumVisualStudioVersion = 10.0.40219.1
Project("{FAE04EC0-301F-11D3-BF4B-00C04F79EFBC}") = "DoublePalidromes", "doublePalidromes\DoublePalidromes.csproj", "{F8ECD130-F696-478A-ABEA-F3C886B623A2}"
EndProject
Project("{FAE04EC0-301F-11D3-BF4B-00C04F79EFBC}") = "HolidayBetweenTwoDates", "HolidayBetweenTwoDates\HolidayBetweenTwoDates.csproj", "{5A127EE9-6CAE-4C39-9317-F99E3802F251}"
EndProject
Global
	GlobalSection(SolutionConfigurationPlatforms) = preSolution
		Debug|Any CPU = Debug|Any CPU
		Release|Any CPU = Release|Any CPU
	EndGlobalSection
	GlobalSection(ProjectConfigurationPlatforms) = postSolution
		{F8ECD130-F696-478A-ABEA-F3C886B623A2}.Debug|Any CPU.ActiveCfg = Debug|Any CPU
		{F8ECD130-F696-478A-ABEA-F3C886B623A2}.Debug|Any CPU.Build.0 = Debug|Any CPU
		{F8ECD130-F696-478A-ABEA-F3C886B623A2}.Release|Any CPU.ActiveCfg = Release|Any CPU
		{F8ECD130-F696-478A-ABEA-F3C886B623A2}.Release|Any CPU.Build.0 = Release|Any CPU
		{5A127EE9-6CAE-4C39-9317-F99E3802F251}.Debug|Any CPU.ActiveCfg = Debug|Any CPU
		{5A127EE9-6CAE-4C39-9317-F99E3802F251}.Debug|Any CPU.Build.0 = Debug|Any CPU
		{5A127EE9-6CAE-4C39-9317-F99E3802F251}.Release|Any CPU.ActiveCfg = Release|Any CPU
		{5A127EE9-6CAE-4C39-9317-F99E3802F251}.Release|Any CPU.Build.0 = Release|Any CPU
	EndGlobalSection
	GlobalSection(SolutionProperties) = preSolution
		HideSolutionNode = FALSE
	EndGlobalSection
EndGlobal
